// !$*UTF8*$!
{
	archiveVersion = 1;
	classes = {
	};
	objectVersion = 77;
	objects = {

/* Begin PBXBuildFile section */
		0F3E5210201E543200DCFAA4 /* OpenSansCondensed-Bold.ttf in Resources */ = {isa = PBXBuildFile; fileRef = 0F3E520E201E543200DCFAA4 /* OpenSansCondensed-Bold.ttf */; };
		0F3E5211201E543200DCFAA4 /* OpenSansCondensed-Light.ttf in Resources */ = {isa = PBXBuildFile; fileRef = 0F3E520F201E543200DCFAA4 /* OpenSansCondensed-Light.ttf */; };
		0F3E5213201E551000DCFAA4 /* OpenSans-Light.ttf in Resources */ = {isa = PBXBuildFile; fileRef = 0F3E5212201E54FB00DCFAA4 /* OpenSans-Light.ttf */; };
		0F444F0C1BD04A7E00106C2E /* TripModeViewController.m in Sources */ = {isa = PBXBuildFile; fileRef = 0F444F0B1BD04A7E00106C2E /* TripModeViewController.m */; };
		0F70ECDA1FA663F2006F43C2 /* SystemConfiguration.framework in Frameworks */ = {isa = PBXBuildFile; fileRef = 0F70ECD91FA663F2006F43C2 /* SystemConfiguration.framework */; };
		0FA0000100000000000AA01A /* GLDropUploader.m in Sources */ = {isa = PBXBuildFile; fileRef = 0FB0000100000000000BB01B /* GLDropUploader.m */; };
		0FA0000200000000000AA02A /* GLDropUploader.m in Sources */ = {isa = PBXBuildFile; fileRef = 0FB0000100000000000BB01B /* GLDropUploader.m */; };
		0FABDE372B329422003ACD20 /* StoreKit.framework in Frameworks */ = {isa = PBXBuildFile; fileRef = 0FABDE362B329422003ACD20 /* StoreKit.framework */; };
		0FABDE3A2B329448003ACD20 /* TipJarViewController.m in Sources */ = {isa = PBXBuildFile; fileRef = 0FABDE392B329448003ACD20 /* TipJarViewController.m */; };
		0FAC1FEB2B255CA60007F3B1 /* NSArray+map.m in Sources */ = {isa = PBXBuildFile; fileRef = 0FAC1FEA2B255CA60007F3B1 /* NSArray+map.m */; };
		0FAC1FEE2B25FBB50007F3B1 /* SceneDelegate.m in Sources */ = {isa = PBXBuildFile; fileRef = 0FAC1FED2B25FBB50007F3B1 /* SceneDelegate.m */; };
		0FB85AC01BE0151800F25126 /* ExternalAccessory.framework in Frameworks */ = {isa = PBXBuildFile; fileRef = 0FB85ABF1BE0151800F25126 /* ExternalAccessory.framework */; };
		0FCF53251F81AB0800577A0F /* UserNotifications.framework in Frameworks */ = {isa = PBXBuildFile; fileRef = 0FCF53241F81AB0800577A0F /* UserNotifications.framework */; };
		0FCF532E1F83FDBC00577A0F /* EndpointViewController.m in Sources */ = {isa = PBXBuildFile; fileRef = 0FCF532D1F83FDBC00577A0F /* EndpointViewController.m */; };
		0FE280B12B0180620062936E /* Settings.bundle in Resources */ = {isa = PBXBuildFile; fileRef = 0FE280B02B0180620062936E /* Settings.bundle */; };
		0FF590302B1FA1D500E3AAA3 /* TripSettingsViewController.m in Sources */ = {isa = PBXBuildFile; fileRef = 0FF5902F2B1FA1D500E3AAA3 /* TripSettingsViewController.m */; };
		0FFD31571BAB7A34009B3A03 /* main.m in Sources */ = {isa = PBXBuildFile; fileRef = 0FFD31561BAB7A34009B3A03 /* main.m */; };
		0FFD315A1BAB7A34009B3A03 /* AppDelegate.m in Sources */ = {isa = PBXBuildFile; fileRef = 0FFD31591BAB7A34009B3A03 /* AppDelegate.m */; };
		0FFD31631BAB7A34009B3A03 /* Main.storyboard in Resources */ = {isa = PBXBuildFile; fileRef = 0FFD31611BAB7A34009B3A03 /* Main.storyboard */; };
		0FFD31651BAB7A34009B3A03 /* Assets.xcassets in Resources */ = {isa = PBXBuildFile; fileRef = 0FFD31641BAB7A34009B3A03 /* Assets.xcassets */; };
		0FFD31681BAB7A34009B3A03 /* LaunchScreen.storyboard in Resources */ = {isa = PBXBuildFile; fileRef = 0FFD31661BAB7A34009B3A03 /* LaunchScreen.storyboard */; };
		0FFD31731BAB7BEA009B3A03 /* GLManager.m in Sources */ = {isa = PBXBuildFile; fileRef = 0FFD31721BAB7BEA009B3A03 /* GLManager.m */; };
		0FFD31781BAB7C7F009B3A03 /* CoreLocation.framework in Frameworks */ = {isa = PBXBuildFile; fileRef = 0FFD31741BAB7C7F009B3A03 /* CoreLocation.framework */; };
		0FFD31791BAB7C7F009B3A03 /* CoreMotion.framework in Frameworks */ = {isa = PBXBuildFile; fileRef = 0FFD31751BAB7C7F009B3A03 /* CoreMotion.framework */; };
		0FFD317A1BAB7C7F009B3A03 /* libsqlite3.tbd in Frameworks */ = {isa = PBXBuildFile; fileRef = 0FFD31761BAB7C7F009B3A03 /* libsqlite3.tbd */; };
		0FFD317B1BAB7C7F009B3A03 /* UIKit.framework in Frameworks */ = {isa = PBXBuildFile; fileRef = 0FFD31771BAB7C7F009B3A03 /* UIKit.framework */; };
		0FFD317F1BAB7CC7009B3A03 /* LOLDatabase.m in Sources */ = {isa = PBXBuildFile; fileRef = 0FFD317E1BAB7CC7009B3A03 /* LOLDatabase.m */; };
		2C8C263E39AD887F4C2B76A8 /* ShareViewController.m in Sources */ = {isa = PBXBuildFile; fileRef = E020C3F8CA67589B3EC7D31F /* ShareViewController.m */; };
		383B97C84F904120E874F09C /* JournalControlBundle.swift in Sources */ = {isa = PBXBuildFile; fileRef = 2CCF57487C8E3A334C1155CD /* JournalControlBundle.swift */; };
		6D2858D1222B133400F525E1 /* WifiZoneViewController.m in Sources */ = {isa = PBXBuildFile; fileRef = 6D2858D0222B133400F525E1 /* WifiZoneViewController.m */; };
		D691C8940271E5EE4EB73334 /* JournalControl.appex in Embed App Extensions */ = {isa = PBXBuildFile; fileRef = 2A4581ACD88CE8F431D28C2A /* JournalControl.appex */; settings = {ATTRIBUTES = (RemoveHeadersOnCopy, ); }; };
		E71D46A22BE57D05465E02E4 /* ShareToDesktop.appex in Embed App Extensions */ = {isa = PBXBuildFile; fileRef = 52370A678E69E142A4EEB802 /* ShareToDesktop.appex */; settings = {ATTRIBUTES = (RemoveHeadersOnCopy, ); }; };
		F87824B3678FD75F13286822 /* libPods-Overland.a in Frameworks */ = {isa = PBXBuildFile; fileRef = E0A408349E469AC6E6DA46BA /* libPods-Overland.a */; };
/* End PBXBuildFile section */

/* Begin PBXContainerItemProxy section */
		6538E875B63DF94FF850AE3E /* PBXContainerItemProxy */ = {
			isa = PBXContainerItemProxy;
			containerPortal = 0FFD314A1BAB7A34009B3A03 /* Project object */;
			proxyType = 1;
			remoteGlobalIDString = AFA9266F67A54072F4642171;
			remoteInfo = ShareToDesktop;
		};
		B07752465877CA76E30BE1C5 /* PBXContainerItemProxy */ = {
			isa = PBXContainerItemProxy;
			containerPortal = 0FFD314A1BAB7A34009B3A03 /* Project object */;
			proxyType = 1;
			remoteGlobalIDString = D9AA09663733E518D5DEEDE0;
			remoteInfo = JournalControl;
		};
/* End PBXContainerItemProxy section */

/* Begin PBXCopyFilesBuildPhase section */
		CE64BB60562BA411F4AE7B71 /* Embed App Extensions */ = {
			isa = PBXCopyFilesBuildPhase;
			buildActionMask = 2147483647;
			dstPath = "";
			dstSubfolderSpec = 13;
			files = (
				E71D46A22BE57D05465E02E4 /* ShareToDesktop.appex in Embed App Extensions */,
				D691C8940271E5EE4EB73334 /* JournalControl.appex in Embed App Extensions */,
			);
			name = "Embed App Extensions";
			runOnlyForDeploymentPostprocessing = 0;
		};
/* End PBXCopyFilesBuildPhase section */

/* Begin PBXFileReference section */
		0F3E520E201E543200DCFAA4 /* OpenSansCondensed-Bold.ttf */ = {isa = PBXFileReference; lastKnownFileType = file; name = "OpenSansCondensed-Bold.ttf"; path = "Fonts/OpenSansCondensed-Bold.ttf"; sourceTree = SOURCE_ROOT; };
		0F3E520F201E543200DCFAA4 /* OpenSansCondensed-Light.ttf */ = {isa = PBXFileReference; lastKnownFileType = file; name = "OpenSansCondensed-Light.ttf"; path = "Fonts/OpenSansCondensed-Light.ttf"; sourceTree = SOURCE_ROOT; };
		0F3E5212201E54FB00DCFAA4 /* OpenSans-Light.ttf */ = {isa = PBXFileReference; lastKnownFileType = file; name = "OpenSans-Light.ttf"; path = "Fonts/OpenSans-Light.ttf"; sourceTree = SOURCE_ROOT; };
		0F444F0A1BD04A7E00106C2E /* TripModeViewController.h */ = {isa = PBXFileReference; fileEncoding = 4; lastKnownFileType = sourcecode.c.h; path = TripModeViewController.h; sourceTree = "<group>"; };
		0F444F0B1BD04A7E00106C2E /* TripModeViewController.m */ = {isa = PBXFileReference; fileEncoding = 4; lastKnownFileType = sourcecode.c.objc; path = TripModeViewController.m; sourceTree = "<group>"; };
		0F702B012B2E1F670076E6B9 /* Overland-Bridging-Header.h */ = {isa = PBXFileReference; lastKnownFileType = sourcecode.c.h; path = "Overland-Bridging-Header.h"; sourceTree = "<group>"; };
		0F70ECD91FA663F2006F43C2 /* SystemConfiguration.framework */ = {isa = PBXFileReference; lastKnownFileType = wrapper.framework; name = SystemConfiguration.framework; path = System/Library/Frameworks/SystemConfiguration.framework; sourceTree = SDKROOT; };
		0FABDE362B329422003ACD20 /* StoreKit.framework */ = {isa = PBXFileReference; lastKnownFileType = wrapper.framework; name = StoreKit.framework; path = System/Library/Frameworks/StoreKit.framework; sourceTree = SDKROOT; };
		0FABDE382B329448003ACD20 /* TipJarViewController.h */ = {isa = PBXFileReference; lastKnownFileType = sourcecode.c.h; path = TipJarViewController.h; sourceTree = "<group>"; };
		0FABDE392B329448003ACD20 /* TipJarViewController.m */ = {isa = PBXFileReference; lastKnownFileType = sourcecode.c.objc; path = TipJarViewController.m; sourceTree = "<group>"; };
		0FABDE3B2B34F642003ACD20 /* Tips.storekit */ = {isa = PBXFileReference; lastKnownFileType = text; path = Tips.storekit; sourceTree = "<group>"; };
		0FAC1FEA2B255CA60007F3B1 /* NSArray+map.m */ = {isa = PBXFileReference; lastKnownFileType = sourcecode.c.objc; path = "NSArray+map.m"; sourceTree = "<group>"; };
		0FAC1FEC2B255D460007F3B1 /* NSArray+map.h */ = {isa = PBXFileReference; lastKnownFileType = sourcecode.c.h; path = "NSArray+map.h"; sourceTree = "<group>"; };
		0FAC1FED2B25FBB50007F3B1 /* SceneDelegate.m */ = {isa = PBXFileReference; lastKnownFileType = sourcecode.c.objc; path = SceneDelegate.m; sourceTree = "<group>"; };
		0FAC1FEF2B25FBC10007F3B1 /* SceneDelegate.h */ = {isa = PBXFileReference; lastKnownFileType = sourcecode.c.h; path = SceneDelegate.h; sourceTree = "<group>"; };
		0FB0000100000000000BB01B /* GLDropUploader.m */ = {isa = PBXFileReference; fileEncoding = 4; lastKnownFileType = sourcecode.c.objc; name = GLDropUploader.m; path = Shared/GLDropUploader.m; sourceTree = "<group>"; };
		0FB0000200000000000BB02B /* GLDropUploader.h */ = {isa = PBXFileReference; fileEncoding = 4; lastKnownFileType = sourcecode.c.h; name = GLDropUploader.h; path = Shared/GLDropUploader.h; sourceTree = "<group>"; };
		0FB85ABD1BE0151300F25126 /* CoreBluetooth.framework */ = {isa = PBXFileReference; lastKnownFileType = wrapper.framework; name = CoreBluetooth.framework; path = System/Library/Frameworks/CoreBluetooth.framework; sourceTree = SDKROOT; };
		0FB85ABF1BE0151800F25126 /* ExternalAccessory.framework */ = {isa = PBXFileReference; lastKnownFileType = wrapper.framework; name = ExternalAccessory.framework; path = System/Library/Frameworks/ExternalAccessory.framework; sourceTree = SDKROOT; };
		0FCF53231F81AAAC00577A0F /* GPSLogger.entitlements */ = {isa = PBXFileReference; lastKnownFileType = text.plist.entitlements; path = GPSLogger.entitlements; sourceTree = "<group>"; };
		0FCF53241F81AB0800577A0F /* UserNotifications.framework */ = {isa = PBXFileReference; lastKnownFileType = wrapper.framework; name = UserNotifications.framework; path = System/Library/Frameworks/UserNotifications.framework; sourceTree = SDKROOT; };
		0FCF532C1F83FDBC00577A0F /* EndpointViewController.h */ = {isa = PBXFileReference; lastKnownFileType = sourcecode.c.h; path = EndpointViewController.h; sourceTree = "<group>"; };
		0FCF532D1F83FDBC00577A0F /* EndpointViewController.m */ = {isa = PBXFileReference; lastKnownFileType = sourcecode.c.objc; path = EndpointViewController.m; sourceTree = "<group>"; };
		0FE280B02B0180620062936E /* Settings.bundle */ = {isa = PBXFileReference; lastKnownFileType = "wrapper.plug-in"; path = Settings.bundle; sourceTree = "<group>"; };
		0FF5902F2B1FA1D500E3AAA3 /* TripSettingsViewController.m */ = {isa = PBXFileReference; lastKnownFileType = sourcecode.c.objc; path = TripSettingsViewController.m; sourceTree = "<group>"; };
		0FF590312B1FA22E00E3AAA3 /* TripSettingsViewController.h */ = {isa = PBXFileReference; lastKnownFileType = sourcecode.c.h; path = TripSettingsViewController.h; sourceTree = "<group>"; };
		0FFD31521BAB7A34009B3A03 /* Overland.app */ = {isa = PBXFileReference; explicitFileType = wrapper.application; includeInIndex = 0; path = Overland.app; sourceTree = BUILT_PRODUCTS_DIR; };
		0FFD31561BAB7A34009B3A03 /* main.m */ = {isa = PBXFileReference; lastKnownFileType = sourcecode.c.objc; path = main.m; sourceTree = "<group>"; };
		0FFD31581BAB7A34009B3A03 /* AppDelegate.h */ = {isa = PBXFileReference; lastKnownFileType = sourcecode.c.h; path = AppDelegate.h; sourceTree = "<group>"; };
		0FFD31591BAB7A34009B3A03 /* AppDelegate.m */ = {isa = PBXFileReference; lastKnownFileType = sourcecode.c.objc; path = AppDelegate.m; sourceTree = "<group>"; };
		0FFD31621BAB7A34009B3A03 /* Base */ = {isa = PBXFileReference; lastKnownFileType = file.storyboard; name = Base; path = Base.lproj/Main.storyboard; sourceTree = "<group>"; };
		0FFD31641BAB7A34009B3A03 /* Assets.xcassets */ = {isa = PBXFileReference; lastKnownFileType = folder.assetcatalog; path = Assets.xcassets; sourceTree = "<group>"; };
		0FFD31671BAB7A34009B3A03 /* Base */ = {isa = PBXFileReference; lastKnownFileType = file.storyboard; name = Base; path = Base.lproj/LaunchScreen.storyboard; sourceTree = "<group>"; };
		0FFD31691BAB7A34009B3A03 /* Info.plist */ = {isa = PBXFileReference; lastKnownFileType = text.plist.xml; path = Info.plist; sourceTree = "<group>"; };
		0FFD31711BAB7BEA009B3A03 /* GLManager.h */ = {isa = PBXFileReference; fileEncoding = 4; lastKnownFileType = sourcecode.c.h; path = GLManager.h; sourceTree = "<group>"; };
		0FFD31721BAB7BEA009B3A03 /* GLManager.m */ = {isa = PBXFileReference; fileEncoding = 4; lastKnownFileType = sourcecode.c.objc; path = GLManager.m; sourceTree = "<group>"; };
		0FFD31741BAB7C7F009B3A03 /* CoreLocation.framework */ = {isa = PBXFileReference; lastKnownFileType = wrapper.framework; name = CoreLocation.framework; path = System/Library/Frameworks/CoreLocation.framework; sourceTree = SDKROOT; };
		0FFD31751BAB7C7F009B3A03 /* CoreMotion.framework */ = {isa = PBXFileReference; lastKnownFileType = wrapper.framework; name = CoreMotion.framework; path = System/Library/Frameworks/CoreMotion.framework; sourceTree = SDKROOT; };
		0FFD31761BAB7C7F009B3A03 /* libsqlite3.tbd */ = {isa = PBXFileReference; lastKnownFileType = "sourcecode.text-based-dylib-definition"; name = libsqlite3.tbd; path = usr/lib/libsqlite3.tbd; sourceTree = SDKROOT; };
		0FFD31771BAB7C7F009B3A03 /* UIKit.framework */ = {isa = PBXFileReference; lastKnownFileType = wrapper.framework; name = UIKit.framework; path = System/Library/Frameworks/UIKit.framework; sourceTree = SDKROOT; };
		0FFD317D1BAB7CC7009B3A03 /* LOLDatabase.h */ = {isa = PBXFileReference; fileEncoding = 4; lastKnownFileType = sourcecode.c.h; path = LOLDatabase.h; sourceTree = "<group>"; };
		0FFD317E1BAB7CC7009B3A03 /* LOLDatabase.m */ = {isa = PBXFileReference; fileEncoding = 4; lastKnownFileType = sourcecode.c.objc; path = LOLDatabase.m; sourceTree = "<group>"; };
		251EBCB0197B8F3891607241 /* Pods-Overland.release.xcconfig */ = {isa = PBXFileReference; includeInIndex = 1; lastKnownFileType = text.xcconfig; name = "Pods-Overland.release.xcconfig"; path = "Pods/Target Support Files/Pods-Overland/Pods-Overland.release.xcconfig"; sourceTree = "<group>"; };
		2A4581ACD88CE8F431D28C2A /* JournalControl.appex */ = {isa = PBXFileReference; explicitFileType = "wrapper.app-extension"; includeInIndex = 0; path = JournalControl.appex; sourceTree = BUILT_PRODUCTS_DIR; };
		2CCF57487C8E3A334C1155CD /* JournalControlBundle.swift */ = {isa = PBXFileReference; includeInIndex = 1; lastKnownFileType = sourcecode.swift; name = JournalControlBundle.swift; path = JournalControl/JournalControlBundle.swift; sourceTree = "<group>"; };
		378F9BC146097DEF5A9CCBF9 /* Pods-GPSLogger.release.xcconfig */ = {isa = PBXFileReference; includeInIndex = 1; lastKnownFileType = text.xcconfig; name = "Pods-GPSLogger.release.xcconfig"; path = "Pods/Target Support Files/Pods-GPSLogger/Pods-GPSLogger.release.xcconfig"; sourceTree = "<group>"; };
		3CCE0D26F93B3FCD5A4A1D16 /* libPods-GPSLogger.a */ = {isa = PBXFileReference; explicitFileType = archive.ar; includeInIndex = 0; path = "libPods-GPSLogger.a"; sourceTree = BUILT_PRODUCTS_DIR; };
		4321137E3D59A45E6CD72293 /* Pods-GPSLogger.debug.xcconfig */ = {isa = PBXFileReference; includeInIndex = 1; lastKnownFileType = text.xcconfig; name = "Pods-GPSLogger.debug.xcconfig"; path = "Pods/Target Support Files/Pods-GPSLogger/Pods-GPSLogger.debug.xcconfig"; sourceTree = "<group>"; };
		4A0D40D56476A9B4C9DFA6EC /* Foundation.framework */ = {isa = PBXFileReference; lastKnownFileType = wrapper.framework; name = Foundation.framework; path = Platforms/iPhoneOS.platform/Developer/SDKs/iPhoneOS26.0.sdk/System/Library/Frameworks/Foundation.framework; sourceTree = DEVELOPER_DIR; };
		50A3D310749579D9815359DA /* JournalControl.entitlements */ = {isa = PBXFileReference; includeInIndex = 1; lastKnownFileType = text.plist.entitlements; name = JournalControl.entitlements; path = JournalControl/JournalControl.entitlements; sourceTree = "<group>"; };
		52370A678E69E142A4EEB802 /* ShareToDesktop.appex */ = {isa = PBXFileReference; explicitFileType = "wrapper.app-extension"; includeInIndex = 0; path = ShareToDesktop.appex; sourceTree = BUILT_PRODUCTS_DIR; };
		6D2858CF222B133400F525E1 /* WifiZoneViewController.h */ = {isa = PBXFileReference; lastKnownFileType = sourcecode.c.h; path = WifiZoneViewController.h; sourceTree = "<group>"; };
		6D2858D0222B133400F525E1 /* WifiZoneViewController.m */ = {isa = PBXFileReference; lastKnownFileType = sourcecode.c.objc; path = WifiZoneViewController.m; sourceTree = "<group>"; };
		6DEC9B3621F3F88500D9E8C4 /* Overland.entitlements */ = {isa = PBXFileReference; lastKnownFileType = text.plist.entitlements; path = Overland.entitlements; sourceTree = "<group>"; };
		789C39E2F3A01438999D40F1 /* ShareViewController.h */ = {isa = PBXFileReference; includeInIndex = 1; lastKnownFileType = sourcecode.c.h; name = ShareViewController.h; path = ShareToDesktop/ShareViewController.h; sourceTree = "<group>"; };
		BDDD8A919E8821C00CB33B96 /* ShareConfig.h */ = {isa = PBXFileReference; includeInIndex = 1; lastKnownFileType = sourcecode.c.h; name = ShareConfig.h; path = ShareToDesktop/ShareConfig.h; sourceTree = "<group>"; };
		D648C27CCB559C36145DA7B1 /* Info.plist */ = {isa = PBXFileReference; includeInIndex = 1; lastKnownFileType = text.plist.xml; name = Info.plist; path = JournalControl/Info.plist; sourceTree = "<group>"; };
		DA7B2FA9447E86DDEAF382ED /* Info.plist */ = {isa = PBXFileReference; includeInIndex = 1; lastKnownFileType = text.plist.xml; name = Info.plist; path = ShareToDesktop/Info.plist; sourceTree = "<group>"; };
		E020C3F8CA67589B3EC7D31F /* ShareViewController.m */ = {isa = PBXFileReference; includeInIndex = 1; lastKnownFileType = sourcecode.c.objc; name = ShareViewController.m; path = ShareToDesktop/ShareViewController.m; sourceTree = "<group>"; };
		E0A408349E469AC6E6DA46BA /* libPods-Overland.a */ = {isa = PBXFileReference; explicitFileType = archive.ar; includeInIndex = 0; path = "libPods-Overland.a"; sourceTree = BUILT_PRODUCTS_DIR; };
		F4DFFAB32440A8511E1D869A /* Pods-Overland.debug.xcconfig */ = {isa = PBXFileReference; includeInIndex = 1; lastKnownFileType = text.xcconfig; name = "Pods-Overland.debug.xcconfig"; path = "Pods/Target Support Files/Pods-Overland/Pods-Overland.debug.xcconfig"; sourceTree = "<group>"; };
/* End PBXFileReference section */

/* Begin PBXFileSystemSynchronizedRootGroup section */
		0FD0000100000000000DD01D /* Modules */ = {
			isa = PBXFileSystemSynchronizedRootGroup;
			exceptions = (
			);
			path = Modules;
			sourceTree = "<group>";
		};
/* End PBXFileSystemSynchronizedRootGroup section */

/* Begin PBXFrameworksBuildPhase section */
		0FFD314F1BAB7A34009B3A03 /* Frameworks */ = {
			isa = PBXFrameworksBuildPhase;
			buildActionMask = 2147483647;
			files = (
				0FABDE372B329422003ACD20 /* StoreKit.framework in Frameworks */,
				0F70ECDA1FA663F2006F43C2 /* SystemConfiguration.framework in Frameworks */,
				0FCF53251F81AB0800577A0F /* UserNotifications.framework in Frameworks */,
				0FB85AC01BE0151800F25126 /* ExternalAccessory.framework in Frameworks */,
				0FFD31781BAB7C7F009B3A03 /* CoreLocation.framework in Frameworks */,
				0FFD31791BAB7C7F009B3A03 /* CoreMotion.framework in Frameworks */,
				0FFD317A1BAB7C7F009B3A03 /* libsqlite3.tbd in Frameworks */,
				0FFD317B1BAB7C7F009B3A03 /* UIKit.framework in Frameworks */,
				F87824B3678FD75F13286822 /* libPods-Overland.a in Frameworks */,
			);
			runOnlyForDeploymentPostprocessing = 0;
		};
		458B9377B0568D224F00C7D7 /* Frameworks */ = {
			isa = PBXFrameworksBuildPhase;
			buildActionMask = 2147483647;
			files = (
			);
			runOnlyForDeploymentPostprocessing = 0;
		};
		8AC171C38D7CEC6A3D817F25 /* Frameworks */ = {
			isa = PBXFrameworksBuildPhase;
			buildActionMask = 2147483647;
			files = (
			);
			runOnlyForDeploymentPostprocessing = 0;
		};
/* End PBXFrameworksBuildPhase section */

/* Begin PBXGroup section */
		0BE775F16162CE9DF6AE0775 /* Frameworks */ = {
			isa = PBXGroup;
			children = (
				0FABDE362B329422003ACD20 /* StoreKit.framework */,
				0F70ECD91FA663F2006F43C2 /* SystemConfiguration.framework */,
				0FCF53241F81AB0800577A0F /* UserNotifications.framework */,
				0FB85ABF1BE0151800F25126 /* ExternalAccessory.framework */,
				0FB85ABD1BE0151300F25126 /* CoreBluetooth.framework */,
				0FFD31741BAB7C7F009B3A03 /* CoreLocation.framework */,
				0FFD31751BAB7C7F009B3A03 /* CoreMotion.framework */,
				0FFD31761BAB7C7F009B3A03 /* libsqlite3.tbd */,
				0FFD31771BAB7C7F009B3A03 /* UIKit.framework */,
				3CCE0D26F93B3FCD5A4A1D16 /* libPods-GPSLogger.a */,
				E0A408349E469AC6E6DA46BA /* libPods-Overland.a */,
				B10D9C2570DF0CB4B1CFC7E4 /* iOS */,
			);
			name = Frameworks;
			sourceTree = "<group>";
		};
		0F3E520D201E515800DCFAA4 /* Fonts */ = {
			isa = PBXGroup;
			children = (
				0F3E5212201E54FB00DCFAA4 /* OpenSans-Light.ttf */,
				0F3E520E201E543200DCFAA4 /* OpenSansCondensed-Bold.ttf */,
				0F3E520F201E543200DCFAA4 /* OpenSansCondensed-Light.ttf */,
			);
			name = Fonts;
			path = "New Group";
			sourceTree = "<group>";
		};
		0FC0000100000000000CC01C /* Shared */ = {
			isa = PBXGroup;
			children = (
				0FB0000200000000000BB02B /* GLDropUploader.h */,
				0FB0000100000000000BB01B /* GLDropUploader.m */,
			);
			name = Shared;
			sourceTree = "<group>";
		};
		0FFD31491BAB7A34009B3A03 = {
			isa = PBXGroup;
			children = (
				6DEC9B3621F3F88500D9E8C4 /* Overland.entitlements */,
				0FFD31541BAB7A34009B3A03 /* GPSLogger */,
				0F3E520D201E515800DCFAA4 /* Fonts */,
				0FFD31531BAB7A34009B3A03 /* Products */,
				0BE775F16162CE9DF6AE0775 /* Frameworks */,
				1CD5358810FD08AFC4E02284 /* Pods */,
				7D7B89160C74A80261FC28C2 /* ShareToDesktop */,
				0FC0000100000000000CC01C /* Shared */,
				0FD0000100000000000DD01D /* Modules */,
				F5F248CD1A9A8BC33D78E754 /* JournalControl */,
			);
			sourceTree = "<group>";
		};
		0FFD31531BAB7A34009B3A03 /* Products */ = {
			isa = PBXGroup;
			children = (
				0FFD31521BAB7A34009B3A03 /* Overland.app */,
				52370A678E69E142A4EEB802 /* ShareToDesktop.appex */,
				2A4581ACD88CE8F431D28C2A /* JournalControl.appex */,
			);
			name = Products;
			sourceTree = "<group>";
		};
		0FFD31541BAB7A34009B3A03 /* GPSLogger */ = {
			isa = PBXGroup;
			children = (
				0FCF53231F81AAAC00577A0F /* GPSLogger.entitlements */,
				0FFD31581BAB7A34009B3A03 /* AppDelegate.h */,
				0FFD31591BAB7A34009B3A03 /* AppDelegate.m */,
				0FAC1FEF2B25FBC10007F3B1 /* SceneDelegate.h */,
				0FAC1FED2B25FBB50007F3B1 /* SceneDelegate.m */,
				0F444F0A1BD04A7E00106C2E /* TripModeViewController.h */,
				0F444F0B1BD04A7E00106C2E /* TripModeViewController.m */,
				0FF590312B1FA22E00E3AAA3 /* TripSettingsViewController.h */,
				0FF5902F2B1FA1D500E3AAA3 /* TripSettingsViewController.m */,
				0FCF532C1F83FDBC00577A0F /* EndpointViewController.h */,
				0FCF532D1F83FDBC00577A0F /* EndpointViewController.m */,
				6D2858CF222B133400F525E1 /* WifiZoneViewController.h */,
				6D2858D0222B133400F525E1 /* WifiZoneViewController.m */,
				0FABDE382B329448003ACD20 /* TipJarViewController.h */,
				0FABDE392B329448003ACD20 /* TipJarViewController.m */,
				0FFD31711BAB7BEA009B3A03 /* GLManager.h */,
				0FFD31721BAB7BEA009B3A03 /* GLManager.m */,
				0FAC1FEC2B255D460007F3B1 /* NSArray+map.h */,
				0FAC1FEA2B255CA60007F3B1 /* NSArray+map.m */,
				0FFD31611BAB7A34009B3A03 /* Main.storyboard */,
				0FFD31641BAB7A34009B3A03 /* Assets.xcassets */,
				0FFD31661BAB7A34009B3A03 /* LaunchScreen.storyboard */,
				0FABDE3B2B34F642003ACD20 /* Tips.storekit */,
				0FFD31691BAB7A34009B3A03 /* Info.plist */,
				0FFD317C1BAB7CB3009B3A03 /* LOLDB */,
				0FFD31551BAB7A34009B3A03 /* Supporting Files */,
				0FE280B02B0180620062936E /* Settings.bundle */,
				0F702B012B2E1F670076E6B9 /* Overland-Bridging-Header.h */,
			);
			path = GPSLogger;
			sourceTree = "<group>";
		};
		0FFD31551BAB7A34009B3A03 /* Supporting Files */ = {
			isa = PBXGroup;
			children = (
				0FFD31561BAB7A34009B3A03 /* main.m */,
			);
			name = "Supporting Files";
			sourceTree = "<group>";
		};
		0FFD317C1BAB7CB3009B3A03 /* LOLDB */ = {
			isa = PBXGroup;
			children = (
				0FFD317D1BAB7CC7009B3A03 /* LOLDatabase.h */,
				0FFD317E1BAB7CC7009B3A03 /* LOLDatabase.m */,
			);
			name = LOLDB;
			sourceTree = "<group>";
		};
		1CD5358810FD08AFC4E02284 /* Pods */ = {
			isa = PBXGroup;
			children = (
				4321137E3D59A45E6CD72293 /* Pods-GPSLogger.debug.xcconfig */,
				378F9BC146097DEF5A9CCBF9 /* Pods-GPSLogger.release.xcconfig */,
				F4DFFAB32440A8511E1D869A /* Pods-Overland.debug.xcconfig */,
				251EBCB0197B8F3891607241 /* Pods-Overland.release.xcconfig */,
			);
			name = Pods;
			sourceTree = "<group>";
		};
		7D7B89160C74A80261FC28C2 /* ShareToDesktop */ = {
			isa = PBXGroup;
			children = (
				789C39E2F3A01438999D40F1 /* ShareViewController.h */,
				BDDD8A919E8821C00CB33B96 /* ShareConfig.h */,
				DA7B2FA9447E86DDEAF382ED /* Info.plist */,
				E020C3F8CA67589B3EC7D31F /* ShareViewController.m */,
			);
			name = ShareToDesktop;
			sourceTree = SOURCE_ROOT;
		};
		B10D9C2570DF0CB4B1CFC7E4 /* iOS */ = {
			isa = PBXGroup;
			children = (
				4A0D40D56476A9B4C9DFA6EC /* Foundation.framework */,
			);
			name = iOS;
			sourceTree = "<group>";
		};
		F5F248CD1A9A8BC33D78E754 /* JournalControl */ = {
			isa = PBXGroup;
			children = (
				2CCF57487C8E3A334C1155CD /* JournalControlBundle.swift */,
				D648C27CCB559C36145DA7B1 /* Info.plist */,
				50A3D310749579D9815359DA /* JournalControl.entitlements */,
			);
			name = JournalControl;
			sourceTree = SOURCE_ROOT;
		};
/* End PBXGroup section */

/* Begin PBXNativeTarget section */
		0FFD31511BAB7A34009B3A03 /* Overland */ = {
			isa = PBXNativeTarget;
			buildConfigurationList = 0FFD316C1BAB7A34009B3A03 /* Build configuration list for PBXNativeTarget "Overland" */;
			buildPhases = (
				F9652F0CA5A6BE4C93775BF8 /* Generate build stamp */,
				42A683883C70BDF3169358D5 /* [CP] Check Pods Manifest.lock */,
				0FFD314E1BAB7A34009B3A03 /* Sources */,
				0FFD314F1BAB7A34009B3A03 /* Frameworks */,
				0FFD31501BAB7A34009B3A03 /* Resources */,
				CE64BB60562BA411F4AE7B71 /* Embed App Extensions */,
			);
			buildRules = (
			);
			dependencies = (
				310113E1F986C307340A3682 /* PBXTargetDependency */,
				DCA55DD52AE4FFD7517AA376 /* PBXTargetDependency */,
			);
			fileSystemSynchronizedGroups = (
				0FD0000100000000000DD01D /* Modules */,
			);
			name = Overland;
			productName = GPSLogger;
			productReference = 0FFD31521BAB7A34009B3A03 /* Overland.app */;
			productType = "com.apple.product-type.application";
		};
		AFA9266F67A54072F4642171 /* ShareToDesktop */ = {
			isa = PBXNativeTarget;
			buildConfigurationList = C45836BD740A32E4FC5BCDE2 /* Build configuration list for PBXNativeTarget "ShareToDesktop" */;
			buildPhases = (
				58C1A96F28BCB84F1AB4AFF2 /* Sources */,
				8AC171C38D7CEC6A3D817F25 /* Frameworks */,
				C26204206BC0307A0ABEA3AD /* Resources */,
			);
			buildRules = (
			);
			dependencies = (
			);
			name = ShareToDesktop;
			productName = ShareToDesktop;
			productReference = 52370A678E69E142A4EEB802 /* ShareToDesktop.appex */;
			productType = "com.apple.product-type.app-extension";
		};
		D9AA09663733E518D5DEEDE0 /* JournalControl */ = {
			isa = PBXNativeTarget;
			buildConfigurationList = C4D8F634DDF6CB8267285A34 /* Build configuration list for PBXNativeTarget "JournalControl" */;
			buildPhases = (
				ADE4B03F34307AC7707D03A1 /* Sources */,
				458B9377B0568D224F00C7D7 /* Frameworks */,
				334CE69C6E3655F9209B6FCB /* Resources */,
			);
			buildRules = (
			);
			dependencies = (
			);
			name = JournalControl;
			productName = JournalControl;
			productReference = 2A4581ACD88CE8F431D28C2A /* JournalControl.appex */;
			productType = "com.apple.product-type.app-extension";
		};
/* End PBXNativeTarget section */

/* Begin PBXProject section */
		0FFD314A1BAB7A34009B3A03 /* Project object */ = {
			isa = PBXProject;
			attributes = {
				BuildIndependentTargetsInParallel = YES;
				LastUpgradeCheck = 1500;
				ORGANIZATIONNAME = "Aaron Parecki";
				TargetAttributes = {
					0FFD31511BAB7A34009B3A03 = {
						CreatedOnToolsVersion = 7.0;
						DevelopmentTeam = 7MC6UZR2UV;
						LastSwiftMigration = 1500;
						SystemCapabilities = {
							com.apple.AccessWiFi = {
								enabled = 1;
							};
							com.apple.BackgroundModes = {
								enabled = 1;
							};
							com.apple.Push = {
								enabled = 0;
							};
						};
					};
				};
			};
			buildConfigurationList = 0FFD314D1BAB7A34009B3A03 /* Build configuration list for PBXProject "Overland" */;
			compatibilityVersion = "Xcode 15.0";
			developmentRegion = en;
			hasScannedForEncodings = 0;
			knownRegions = (
				en,
				Base,
			);
			mainGroup = 0FFD31491BAB7A34009B3A03;
			productRefGroup = 0FFD31531BAB7A34009B3A03 /* Products */;
			projectDirPath = "";
			projectRoot = "";
			targets = (
				0FFD31511BAB7A34009B3A03 /* Overland */,
				AFA9266F67A54072F4642171 /* ShareToDesktop */,
				D9AA09663733E518D5DEEDE0 /* JournalControl */,
			);
		};
/* End PBXProject section */

/* Begin PBXResourcesBuildPhase section */
		0FFD31501BAB7A34009B3A03 /* Resources */ = {
			isa = PBXResourcesBuildPhase;
			buildActionMask = 2147483647;
			files = (
				0F3E5213201E551000DCFAA4 /* OpenSans-Light.ttf in Resources */,
				0F3E5211201E543200DCFAA4 /* OpenSansCondensed-Light.ttf in Resources */,
				0FFD31681BAB7A34009B3A03 /* LaunchScreen.storyboard in Resources */,
				0F3E5210201E543200DCFAA4 /* OpenSansCondensed-Bold.ttf in Resources */,
				0FFD31651BAB7A34009B3A03 /* Assets.xcassets in Resources */,
				0FFD31631BAB7A34009B3A03 /* Main.storyboard in Resources */,
				0FE280B12B0180620062936E /* Settings.bundle in Resources */,
			);
			runOnlyForDeploymentPostprocessing = 0;
		};
		334CE69C6E3655F9209B6FCB /* Resources */ = {
			isa = PBXResourcesBuildPhase;
			buildActionMask = 2147483647;
			files = (
			);
			runOnlyForDeploymentPostprocessing = 0;
		};
		C26204206BC0307A0ABEA3AD /* Resources */ = {
			isa = PBXResourcesBuildPhase;
			buildActionMask = 2147483647;
			files = (
			);
			runOnlyForDeploymentPostprocessing = 0;
		};
/* End PBXResourcesBuildPhase section */

/* Begin PBXShellScriptBuildPhase section */
		42A683883C70BDF3169358D5 /* [CP] Check Pods Manifest.lock */ = {
			isa = PBXShellScriptBuildPhase;
			buildActionMask = 2147483647;
			files = (
			);
			inputPaths = (
				"${PODS_PODFILE_DIR_PATH}/Podfile.lock",
				"${PODS_ROOT}/Manifest.lock",
			);
			name = "[CP] Check Pods Manifest.lock";
			outputPaths = (
				"$(DERIVED_FILE_DIR)/Pods-Overland-checkManifestLockResult.txt",
			);
			runOnlyForDeploymentPostprocessing = 0;
			shellPath = /bin/sh;
			shellScript = "diff \"${PODS_PODFILE_DIR_PATH}/Podfile.lock\" \"${PODS_ROOT}/Manifest.lock\" > /dev/null\nif [ $? != 0 ] ; then\n    # print error to STDERR\n    echo \"error: The sandbox is not in sync with the Podfile.lock. Run 'pod install' or update your CocoaPods installation.\" >&2\n    exit 1\nfi\n# This output is used by Xcode 'outputs' to avoid re-running this script phase.\necho \"SUCCESS\" > \"${SCRIPT_OUTPUT_FILE_0}\"\n";
			showEnvVarsInLog = 0;
		};
		F9652F0CA5A6BE4C93775BF8 /* Generate build stamp */ = {
			isa = PBXShellScriptBuildPhase;
			alwaysOutOfDate = 1;
			buildActionMask = 2147483647;
			files = (
			);
			inputFileListPaths = (
			);
			inputPaths = (
			);
			name = "Generate build stamp";
			outputFileListPaths = (
			);
			outputPaths = (
				"$(DERIVED_FILE_DIR)/BuildStamp.generated.h",
			);
			runOnlyForDeploymentPostprocessing = 0;
			shellPath = /bin/sh;
			shellScript = "set -e\nmkdir -p \"$DERIVED_FILE_DIR\"\nprintf '#define GL_BUILD_STAMP @\"%s\"\\n' \"$(date -u '+%Y-%m-%d %H:%M')\" \\\n  > \"$DERIVED_FILE_DIR/BuildStamp.generated.h\"\ncat \"$DERIVED_FILE_DIR/BuildStamp.generated.h\"\n";
		};
/* End PBXShellScriptBuildPhase section */

/* Begin PBXSourcesBuildPhase section */
		0FFD314E1BAB7A34009B3A03 /* Sources */ = {
			isa = PBXSourcesBuildPhase;
			buildActionMask = 2147483647;
			files = (
				0FFD315A1BAB7A34009B3A03 /* AppDelegate.m in Sources */,
				6D2858D1222B133400F525E1 /* WifiZoneViewController.m in Sources */,
				0FABDE3A2B329448003ACD20 /* TipJarViewController.m in Sources */,
				0FAC1FEB2B255CA60007F3B1 /* NSArray+map.m in Sources */,
				0FFD31731BAB7BEA009B3A03 /* GLManager.m in Sources */,
				0FA0000100000000000AA01A /* GLDropUploader.m in Sources */,
				0FCF532E1F83FDBC00577A0F /* EndpointViewController.m in Sources */,
				0F444F0C1BD04A7E00106C2E /* TripModeViewController.m in Sources */,
				0FAC1FEE2B25FBB50007F3B1 /* SceneDelegate.m in Sources */,
				0FFD317F1BAB7CC7009B3A03 /* LOLDatabase.m in Sources */,
				0FF590302B1FA1D500E3AAA3 /* TripSettingsViewController.m in Sources */,
				0FFD31571BAB7A34009B3A03 /* main.m in Sources */,
			);
			runOnlyForDeploymentPostprocessing = 0;
		};
		58C1A96F28BCB84F1AB4AFF2 /* Sources */ = {
			isa = PBXSourcesBuildPhase;
			buildActionMask = 2147483647;
			files = (
				2C8C263E39AD887F4C2B76A8 /* ShareViewController.m in Sources */,
				0FA0000200000000000AA02A /* GLDropUploader.m in Sources */,
			);
			runOnlyForDeploymentPostprocessing = 0;
		};
		ADE4B03F34307AC7707D03A1 /* Sources */ = {
			isa = PBXSourcesBuildPhase;
			buildActionMask = 2147483647;
			files = (
				383B97C84F904120E874F09C /* JournalControlBundle.swift in Sources */,
			);
			runOnlyForDeploymentPostprocessing = 0;
		};
/* End PBXSourcesBuildPhase section */

/* Begin PBXTargetDependency section */
		310113E1F986C307340A3682 /* PBXTargetDependency */ = {
			isa = PBXTargetDependency;
			name = ShareToDesktop;
			target = AFA9266F67A54072F4642171 /* ShareToDesktop */;
			targetProxy = 6538E875B63DF94FF850AE3E /* PBXContainerItemProxy */;
		};
		DCA55DD52AE4FFD7517AA376 /* PBXTargetDependency */ = {
			isa = PBXTargetDependency;
			name = JournalControl;
			target = D9AA09663733E518D5DEEDE0 /* JournalControl */;
			targetProxy = B07752465877CA76E30BE1C5 /* PBXContainerItemProxy */;
		};
/* End PBXTargetDependency section */

/* Begin PBXVariantGroup section */
		0FFD31611BAB7A34009B3A03 /* Main.storyboard */ = {
			isa = PBXVariantGroup;
			children = (
				0FFD31621BAB7A34009B3A03 /* Base */,
			);
			name = Main.storyboard;
			sourceTree = "<group>";
		};
		0FFD31661BAB7A34009B3A03 /* LaunchScreen.storyboard */ = {
			isa = PBXVariantGroup;
			children = (
				0FFD31671BAB7A34009B3A03 /* Base */,
			);
			name = LaunchScreen.storyboard;
			sourceTree = "<group>";
		};
/* End PBXVariantGroup section */

/* Begin XCBuildConfiguration section */
		0F48828DECF69CFB877CEA1F /* Release */ = {
			isa = XCBuildConfiguration;
			buildSettings = {
				CLANG_ENABLE_OBJC_WEAK = NO;
				CODE_SIGN_ENTITLEMENTS = JournalControl/JournalControl.entitlements;
				CODE_SIGN_IDENTITY = "Apple Distribution";
				CODE_SIGN_STYLE = Manual;
				DEVELOPMENT_TEAM = J66WVM2DTX;
				ENABLE_BITCODE = NO;
				GENERATE_INFOPLIST_FILE = NO;
				INFOPLIST_FILE = JournalControl/Info.plist;
				IPHONEOS_DEPLOYMENT_TARGET = 18.0;
				LD_RUNPATH_SEARCH_PATHS = (
					"$(inherited)",
					"@executable_path/Frameworks",
					"@executable_path/../../Frameworks",
				);
				PRODUCT_BUNDLE_IDENTIFIER = com.oliverullman.assistantlocation.journalcontrol;
				PRODUCT_NAME = "$(TARGET_NAME)";
				PROVISIONING_PROFILE_SPECIFIER = "AssistantLocation JournalControl AppStore";
				SDKROOT = iphoneos;
				SKIP_INSTALL = YES;
				SWIFT_VERSION = 5.0;
				TARGETED_DEVICE_FAMILY = "1,2";
				VALIDATE_PRODUCT = YES;
			};
			name = Release;
		};
		0FFD316A1BAB7A34009B3A03 /* Debug */ = {
			isa = XCBuildConfiguration;
			buildSettings = {
				ALWAYS_SEARCH_USER_PATHS = NO;
				CLANG_ANALYZER_LOCALIZABILITY_NONLOCALIZED = YES;
				CLANG_CXX_LANGUAGE_STANDARD = "gnu++0x";
				CLANG_CXX_LIBRARY = "libc++";
				CLANG_ENABLE_MODULES = YES;
				CLANG_ENABLE_OBJC_ARC = YES;
				CLANG_WARN_BLOCK_CAPTURE_AUTORELEASING = YES;
				CLANG_WARN_BOOL_CONVERSION = YES;
				CLANG_WARN_COMMA = YES;
				CLANG_WARN_CONSTANT_CONVERSION = YES;
				CLANG_WARN_DEPRECATED_OBJC_IMPLEMENTATIONS = YES;
				CLANG_WARN_DIRECT_OBJC_ISA_USAGE = YES_ERROR;
				CLANG_WARN_EMPTY_BODY = YES;
				CLANG_WARN_ENUM_CONVERSION = YES;
				CLANG_WARN_INFINITE_RECURSION = YES;
				CLANG_WARN_INT_CONVERSION = YES;
				CLANG_WARN_NON_LITERAL_NULL_CONVERSION = YES;
				CLANG_WARN_OBJC_IMPLICIT_RETAIN_SELF = YES;
				CLANG_WARN_OBJC_LITERAL_CONVERSION = YES;
				CLANG_WARN_OBJC_ROOT_CLASS = YES_ERROR;
				CLANG_WARN_QUOTED_INCLUDE_IN_FRAMEWORK_HEADER = YES;
				CLANG_WARN_RANGE_LOOP_ANALYSIS = YES;
				CLANG_WARN_STRICT_PROTOTYPES = YES;
				CLANG_WARN_SUSPICIOUS_MOVE = YES;
				CLANG_WARN_UNREACHABLE_CODE = YES;
				CLANG_WARN__DUPLICATE_METHOD_MATCH = YES;
				COPY_PHASE_STRIP = NO;
				DEBUG_INFORMATION_FORMAT = dwarf;
				ENABLE_STRICT_OBJC_MSGSEND = YES;
				ENABLE_TESTABILITY = YES;
				ENABLE_USER_SCRIPT_SANDBOXING = YES;
				GCC_C_LANGUAGE_STANDARD = gnu99;
				GCC_DYNAMIC_NO_PIC = NO;
				GCC_NO_COMMON_BLOCKS = YES;
				GCC_OPTIMIZATION_LEVEL = 0;
				GCC_PREPROCESSOR_DEFINITIONS = (
					"DEBUG=1",
					"$(inherited)",
				);
				GCC_WARN_64_TO_32_BIT_CONVERSION = YES;
				GCC_WARN_ABOUT_RETURN_TYPE = YES_ERROR;
				GCC_WARN_UNDECLARED_SELECTOR = YES;
				GCC_WARN_UNINITIALIZED_AUTOS = YES_AGGRESSIVE;
				GCC_WARN_UNUSED_FUNCTION = YES;
				GCC_WARN_UNUSED_VARIABLE = YES;
				IPHONEOS_DEPLOYMENT_TARGET = 14.0;
				MTL_ENABLE_DEBUG_INFO = YES;
				ONLY_ACTIVE_ARCH = YES;
				SDKROOT = iphoneos;
			};
			name = Debug;
		};
		0FFD316B1BAB7A34009B3A03 /* Release */ = {
			isa = XCBuildConfiguration;
			buildSettings = {
				ALWAYS_SEARCH_USER_PATHS = NO;
				CLANG_ANALYZER_LOCALIZABILITY_NONLOCALIZED = YES;
				CLANG_CXX_LANGUAGE_STANDARD = "gnu++0x";
				CLANG_CXX_LIBRARY = "libc++";
				CLANG_ENABLE_MODULES = YES;
				CLANG_ENABLE_OBJC_ARC = YES;
				CLANG_WARN_BLOCK_CAPTURE_AUTORELEASING = YES;
				CLANG_WARN_BOOL_CONVERSION = YES;
				CLANG_WARN_COMMA = YES;
				CLANG_WARN_CONSTANT_CONVERSION = YES;
				CLANG_WARN_DEPRECATED_OBJC_IMPLEMENTATIONS = YES;
				CLANG_WARN_DIRECT_OBJC_ISA_USAGE = YES_ERROR;
				CLANG_WARN_EMPTY_BODY = YES;
				CLANG_WARN_ENUM_CONVERSION = YES;
				CLANG_WARN_INFINITE_RECURSION = YES;
				CLANG_WARN_INT_CONVERSION = YES;
				CLANG_WARN_NON_LITERAL_NULL_CONVERSION = YES;
				CLANG_WARN_OBJC_IMPLICIT_RETAIN_SELF = YES;
				CLANG_WARN_OBJC_LITERAL_CONVERSION = YES;
				CLANG_WARN_OBJC_ROOT_CLASS = YES_ERROR;
				CLANG_WARN_QUOTED_INCLUDE_IN_FRAMEWORK_HEADER = YES;
				CLANG_WARN_RANGE_LOOP_ANALYSIS = YES;
				CLANG_WARN_STRICT_PROTOTYPES = YES;
				CLANG_WARN_SUSPICIOUS_MOVE = YES;
				CLANG_WARN_UNREACHABLE_CODE = YES;
				CLANG_WARN__DUPLICATE_METHOD_MATCH = YES;
				COPY_PHASE_STRIP = NO;
				DEBUG_INFORMATION_FORMAT = "dwarf-with-dsym";
				ENABLE_NS_ASSERTIONS = NO;
				ENABLE_STRICT_OBJC_MSGSEND = YES;
				ENABLE_USER_SCRIPT_SANDBOXING = YES;
				GCC_C_LANGUAGE_STANDARD = gnu99;
				GCC_NO_COMMON_BLOCKS = YES;
				GCC_WARN_64_TO_32_BIT_CONVERSION = YES;
				GCC_WARN_ABOUT_RETURN_TYPE = YES_ERROR;
				GCC_WARN_UNDECLARED_SELECTOR = YES;
				GCC_WARN_UNINITIALIZED_AUTOS = YES_AGGRESSIVE;
				GCC_WARN_UNUSED_FUNCTION = YES;
				GCC_WARN_UNUSED_VARIABLE = YES;
				IPHONEOS_DEPLOYMENT_TARGET = 14.0;
				MTL_ENABLE_DEBUG_INFO = NO;
				SDKROOT = iphoneos;
				VALIDATE_PRODUCT = YES;
			};
			name = Release;
		};
		0FFD316D1BAB7A34009B3A03 /* Debug */ = {
			isa = XCBuildConfiguration;
			baseConfigurationReference = F4DFFAB32440A8511E1D869A /* Pods-Overland.debug.xcconfig */;
			buildSettings = {
				ASSETCATALOG_COMPILER_APPICON_NAME = AppIcon;
				CLANG_ENABLE_MODULES = YES;
				CODE_SIGN_ENTITLEMENTS = Overland.entitlements;
				CODE_SIGN_IDENTITY = "iPhone Developer";
				DEVELOPMENT_TEAM = J66WVM2DTX;
				HEADER_SEARCH_PATHS = (
					"$(inherited)",
					"$(DERIVED_FILE_DIR)",
					"$(DERIVED_SOURCES_DIR)",
					"$(SRCROOT)/GPSLogger",
					"$(SRCROOT)/Shared",
					"$(SRCROOT)/Modules",
				);
				INFOPLIST_FILE = GPSLogger/Info.plist;
				INFOPLIST_KEY_CFBundleDisplayName = "Overland GPS Tracker";
				INFOPLIST_KEY_LSApplicationCategoryType = "public.app-category.productivity";
				IPHONEOS_DEPLOYMENT_TARGET = 15.0;
				LD_RUNPATH_SEARCH_PATHS = (
					"$(inherited)",
					"@executable_path/Frameworks",
				);
				MARKETING_VERSION = 1.3;
				PRODUCT_BUNDLE_IDENTIFIER = com.oliverullman.assistantlocation;
				PRODUCT_NAME = "$(TARGET_NAME)";
				PROVISIONING_PROFILE = "";
				PROVISIONING_PROFILE_SPECIFIER = "AssistantLocation AppStore";
				SWIFT_OBJC_BRIDGING_HEADER = "GPSLogger/Overland-Bridging-Header.h";
				SWIFT_OPTIMIZATION_LEVEL = "-Onone";
				SWIFT_VERSION = 5.0;
				TARGETED_DEVICE_FAMILY = "1,2";
			};
			name = Debug;
		};
		0FFD316E1BAB7A34009B3A03 /* Release */ = {
			isa = XCBuildConfiguration;
			baseConfigurationReference = 251EBCB0197B8F3891607241 /* Pods-Overland.release.xcconfig */;
			buildSettings = {
				ASSETCATALOG_COMPILER_APPICON_NAME = AppIcon;
				CLANG_ENABLE_MODULES = YES;
				CODE_SIGN_ENTITLEMENTS = Overland.entitlements;
				CODE_SIGN_IDENTITY = "iPhone Developer";
				DEVELOPMENT_TEAM = J66WVM2DTX;
				HEADER_SEARCH_PATHS = (
					"$(inherited)",
					"$(DERIVED_FILE_DIR)",
					"$(DERIVED_SOURCES_DIR)",
					"$(SRCROOT)/GPSLogger",
					"$(SRCROOT)/Shared",
					"$(SRCROOT)/Modules",
				);
				INFOPLIST_FILE = GPSLogger/Info.plist;
				INFOPLIST_KEY_CFBundleDisplayName = "Overland GPS Tracker";
				INFOPLIST_KEY_LSApplicationCategoryType = "public.app-category.productivity";
				IPHONEOS_DEPLOYMENT_TARGET = 15.0;
				LD_RUNPATH_SEARCH_PATHS = (
					"$(inherited)",
					"@executable_path/Frameworks",
				);
				MARKETING_VERSION = 1.3;
				PRODUCT_BUNDLE_IDENTIFIER = com.oliverullman.assistantlocation;
				PRODUCT_NAME = "$(TARGET_NAME)";
				PROVISIONING_PROFILE = "";
				PROVISIONING_PROFILE_SPECIFIER = "AssistantLocation AppStore";
				SWIFT_OBJC_BRIDGING_HEADER = "GPSLogger/Overland-Bridging-Header.h";
				SWIFT_VERSION = 5.0;
				TARGETED_DEVICE_FAMILY = "1,2";
			};
			name = Release;
		};
		41EBD9C1777FF3CDA9FA7610 /* Debug */ = {
			isa = XCBuildConfiguration;
			buildSettings = {
				CLANG_ENABLE_OBJC_WEAK = NO;
				CODE_SIGN_ENTITLEMENTS = JournalControl/JournalControl.entitlements;
				CODE_SIGN_IDENTITY = "Apple Distribution";
				CODE_SIGN_STYLE = Manual;
				DEVELOPMENT_TEAM = J66WVM2DTX;
				ENABLE_BITCODE = NO;
				GENERATE_INFOPLIST_FILE = NO;
				INFOPLIST_FILE = JournalControl/Info.plist;
				IPHONEOS_DEPLOYMENT_TARGET = 18.0;
				LD_RUNPATH_SEARCH_PATHS = (
					"$(inherited)",
					"@executable_path/Frameworks",
					"@executable_path/../../Frameworks",
				);
				PRODUCT_BUNDLE_IDENTIFIER = com.oliverullman.assistantlocation.journalcontrol;
				PRODUCT_NAME = "$(TARGET_NAME)";
				PROVISIONING_PROFILE_SPECIFIER = "AssistantLocation JournalControl AppStore";
				SDKROOT = iphoneos;
				SKIP_INSTALL = YES;
				SWIFT_VERSION = 5.0;
				TARGETED_DEVICE_FAMILY = "1,2";
			};
			name = Debug;
		};
		DCEF81BD85B95E60D4B039AF /* Debug */ = {
			isa = XCBuildConfiguration;
			buildSettings = {
				CLANG_ENABLE_MODULES = YES;
				CLANG_ENABLE_OBJC_WEAK = NO;
				CODE_SIGN_IDENTITY = "Apple Distribution";
				CODE_SIGN_STYLE = Manual;
				DEVELOPMENT_TEAM = J66WVM2DTX;
				ENABLE_BITCODE = NO;
				GENERATE_INFOPLIST_FILE = NO;
				INFOPLIST_FILE = ShareToDesktop/Info.plist;
				IPHONEOS_DEPLOYMENT_TARGET = 15.0;
				LD_RUNPATH_SEARCH_PATHS = (
					"$(inherited)",
					"@executable_path/Frameworks",
					"@executable_path/../../Frameworks",
				);
				PRODUCT_BUNDLE_IDENTIFIER = com.oliverullman.assistantlocation.share;
				PRODUCT_NAME = "$(TARGET_NAME)";
				PROVISIONING_PROFILE_SPECIFIER = "AssistantLocation Share AppStore";
				SDKROOT = iphoneos;
				SKIP_INSTALL = YES;
				TARGETED_DEVICE_FAMILY = "1,2";
			};
			name = Debug;
		};
		FBD6331C090C0FC1B31BE637 /* Release */ = {
			isa = XCBuildConfiguration;
			buildSettings = {
				CLANG_ENABLE_MODULES = YES;
				CLANG_ENABLE_OBJC_WEAK = NO;
				CODE_SIGN_IDENTITY = "Apple Distribution";
				CODE_SIGN_STYLE = Manual;
				DEVELOPMENT_TEAM = J66WVM2DTX;
				ENABLE_BITCODE = NO;
				GENERATE_INFOPLIST_FILE = NO;
				INFOPLIST_FILE = ShareToDesktop/Info.plist;
				IPHONEOS_DEPLOYMENT_TARGET = 15.0;
				LD_RUNPATH_SEARCH_PATHS = (
					"$(inherited)",
					"@executable_path/Frameworks",
					"@executable_path/../../Frameworks",
				);
				PRODUCT_BUNDLE_IDENTIFIER = com.oliverullman.assistantlocation.share;
				PRODUCT_NAME = "$(TARGET_NAME)";
				PROVISIONING_PROFILE_SPECIFIER = "AssistantLocation Share AppStore";
				SDKROOT = iphoneos;
				SKIP_INSTALL = YES;
				TARGETED_DEVICE_FAMILY = "1,2";
				VALIDATE_PRODUCT = YES;
			};
			name = Release;
		};
/* End XCBuildConfiguration section */

/* Begin XCConfigurationList section */
		0FFD314D1BAB7A34009B3A03 /* Build configuration list for PBXProject "Overland" */ = {
			isa = XCConfigurationList;
			buildConfigurations = (
				0FFD316A1BAB7A34009B3A03 /* Debug */,
				0FFD316B1BAB7A34009B3A03 /* Release */,
			);
			defaultConfigurationIsVisible = 0;
			defaultConfigurationName = Release;
		};
		0FFD316C1BAB7A34009B3A03 /* Build configuration list for PBXNativeTarget "Overland" */ = {
			isa = XCConfigurationList;
			buildConfigurations = (
				0FFD316D1BAB7A34009B3A03 /* Debug */,
				0FFD316E1BAB7A34009B3A03 /* Release */,
			);
			defaultConfigurationIsVisible = 0;
			defaultConfigurationName = Release;
		};
		C45836BD740A32E4FC5BCDE2 /* Build configuration list for PBXNativeTarget "ShareToDesktop" */ = {
			isa = XCConfigurationList;
			buildConfigurations = (
				FBD6331C090C0FC1B31BE637 /* Release */,
				DCEF81BD85B95E60D4B039AF /* Debug */,
			);
			defaultConfigurationIsVisible = 0;
			defaultConfigurationName = Release;
		};
		C4D8F634DDF6CB8267285A34 /* Build configuration list for PBXNativeTarget "JournalControl" */ = {
			isa = XCConfigurationList;
			buildConfigurations = (
				0F48828DECF69CFB877CEA1F /* Release */,
				41EBD9C1777FF3CDA9FA7610 /* Debug */,
			);
			defaultConfigurationIsVisible = 0;
			defaultConfigurationName = Release;
		};
/* End XCConfigurationList section */
	};
	rootObject = 0FFD314A1BAB7A34009B3A03 /* Project object */;
}
